
Microsoft Visual Studio Solution File, Format Version 12.00
# Visual Studio 15
VisualStudioVersion = 15.0.28307.438
MinimumVisualStudioVersion = 10.0.40219.1
Project("{9092AA53-FB77-4645-B42D-1CCCA6BD08BD}") = "MoviesBlankApp", "MoviesBlankApp.njsproj", "{3597AA3C-C439-4B5A-B34A-AC6EC1CF477A}"
EndProject
Global
	GlobalSection(SolutionConfigurationPlatforms) = preSolution
		Debug|Any CPU = Debug|Any CPU
		Release|Any CPU = Release|Any CPU
	EndGlobalSection
	GlobalSection(ProjectConfigurationPlatforms) = postSolution
		{3597AA3C-C439-4B5A-B34A-AC6EC1CF477A}.Debug|Any CPU.ActiveCfg = Debug|Any CPU
		{3597AA3C-C439-4B5A-B34A-AC6EC1CF477A}.Debug|Any CPU.Build.0 = Debug|Any CPU
		{3597AA3C-C439-4B5A-B34A-AC6EC1CF477A}.Release|Any CPU.ActiveCfg = Release|Any CPU
		{3597AA3C-C439-4B5A-B34A-AC6EC1CF477A}.Release|Any CPU.Build.0 = Release|Any CPU
	EndGlobalSection
	GlobalSection(SolutionProperties) = preSolution
		HideSolutionNode = FALSE
	EndGlobalSection
	GlobalSection(ExtensibilityGlobals) = postSolution
		SolutionGuid = {BEF061CE-79A5-4781-862C-4512A9DC0340}
	EndGlobalSection
EndGlobal
