
Microsoft Visual Studio Solution File, Format Version 12.00
# Visual Studio 15
VisualStudioVersion = 15.0.28307.438
MinimumVisualStudioVersion = 10.0.40219.1
Project("{9092AA53-FB77-4645-B42D-1CCCA6BD08BD}") = "Movies", "Movies.njsproj", "{71EF87E1-F211-42A1-8ACF-A25F095207E0}"
EndProject
Global
	GlobalSection(SolutionConfigurationPlatforms) = preSolution
		Debug|Any CPU = Debug|Any CPU
		Release|Any CPU = Release|Any CPU
	EndGlobalSection
	GlobalSection(ProjectConfigurationPlatforms) = postSolution
		{71EF87E1-F211-42A1-8ACF-A25F095207E0}.Debug|Any CPU.ActiveCfg = Debug|Any CPU
		{71EF87E1-F211-42A1-8ACF-A25F095207E0}.Debug|Any CPU.Build.0 = Debug|Any CPU
		{71EF87E1-F211-42A1-8ACF-A25F095207E0}.Release|Any CPU.ActiveCfg = Release|Any CPU
		{71EF87E1-F211-42A1-8ACF-A25F095207E0}.Release|Any CPU.Build.0 = Release|Any CPU
	EndGlobalSection
	GlobalSection(SolutionProperties) = preSolution
		HideSolutionNode = FALSE
	EndGlobalSection
	GlobalSection(ExtensibilityGlobals) = postSolution
		SolutionGuid = {437C4312-603B-4C0B-97C7-73FAC0FAAB08}
	EndGlobalSection
EndGlobal
